
Microsoft Visual Studio Solution File, Format Version 12.00
# Visual Studio Version 17
VisualStudioVersion = 17.7.34202.233
MinimumVisualStudioVersion = 10.0.40219.1
Project("{FAE04EC0-301F-11D3-BF4B-00C04F79EFBC}") = "atividade 2", "atividade 2\atividade 2.csproj", "{F498C13D-8B87-4C25-8E19-AB17370369AA}"
EndProject
Global
	GlobalSection(SolutionConfigurationPlatforms) = preSolution
		Debug|Any CPU = Debug|Any CPU
		Release|Any CPU = Release|Any CPU
	EndGlobalSection
	GlobalSection(ProjectConfigurationPlatforms) = postSolution
		{F498C13D-8B87-4C25-8E19-AB17370369AA}.Debug|Any CPU.ActiveCfg = Debug|Any CPU
		{F498C13D-8B87-4C25-8E19-AB17370369AA}.Debug|Any CPU.Build.0 = Debug|Any CPU
		{F498C13D-8B87-4C25-8E19-AB17370369AA}.Release|Any CPU.ActiveCfg = Release|Any CPU
		{F498C13D-8B87-4C25-8E19-AB17370369AA}.Release|Any CPU.Build.0 = Release|Any CPU
	EndGlobalSection
	GlobalSection(SolutionProperties) = preSolution
		HideSolutionNode = FALSE
	EndGlobalSection
	GlobalSection(ExtensibilityGlobals) = postSolution
		SolutionGuid = {7FFB1EB0-00D2-4927-8DBD-8BA21F98FCB1}
	EndGlobalSection
EndGlobal
