
Microsoft Visual Studio Solution File, Format Version 12.00
# Visual Studio Version 17
VisualStudioVersion = 17.7.34202.233
MinimumVisualStudioVersion = 10.0.40219.1
Project("{FAE04EC0-301F-11D3-BF4B-00C04F79EFBC}") = "atividade 5", "atividade 5\atividade 5.csproj", "{5380949F-9A6D-42BE-847F-EEDAB5D84029}"
EndProject
Global
	GlobalSection(SolutionConfigurationPlatforms) = preSolution
		Debug|Any CPU = Debug|Any CPU
		Release|Any CPU = Release|Any CPU
	EndGlobalSection
	GlobalSection(ProjectConfigurationPlatforms) = postSolution
		{5380949F-9A6D-42BE-847F-EEDAB5D84029}.Debug|Any CPU.ActiveCfg = Debug|Any CPU
		{5380949F-9A6D-42BE-847F-EEDAB5D84029}.Debug|Any CPU.Build.0 = Debug|Any CPU
		{5380949F-9A6D-42BE-847F-EEDAB5D84029}.Release|Any CPU.ActiveCfg = Release|Any CPU
		{5380949F-9A6D-42BE-847F-EEDAB5D84029}.Release|Any CPU.Build.0 = Release|Any CPU
	EndGlobalSection
	GlobalSection(SolutionProperties) = preSolution
		HideSolutionNode = FALSE
	EndGlobalSection
	GlobalSection(ExtensibilityGlobals) = postSolution
		SolutionGuid = {4182FF4C-3546-4F51-93CD-6E95F04DCF49}
	EndGlobalSection
EndGlobal
